{
  "version": 4,
  "terraform_version": "1.14.4",
  "serial": 3,
  "lineage": "d4675f30-afbc-6065-57ef-485304ef7636",
  "outputs": {
    "ecs_service_arn": {
      "value": "arn:aws:ecs:us-east-1:865487342006:service/comfortable-gorilla-jslweh/my-app-service",
      "type": "string"
    },
    "ecs_service_name": {
      "value": "my-app-service",
      "type": "string"
    },
    "task_definition_arn": {
      "value": "arn:aws:ecs:us-east-1:865487342006:task-definition/my-app:1",
      "type": "string"
    }
  },
  "resources": [
    {
      "mode": "data",
      "type": "aws_ecr_image",
      "name": "service_image",
      "provider": "provider[\"registry.terraform.io/hashicorp/aws\"]",
      "instances": [
        {
          "schema_version": 0,
          "attributes": {
            "id": "sha256:ccb303e1e7e890a5e88a5020c3f3536bc1375767cef5590f4c6dc03171e835c8",
            "image_digest": "sha256:ccb303e1e7e890a5e88a5020c3f3536bc1375767cef5590f4c6dc03171e835c8",
            "image_pushed_at": 1772210012,
            "image_size_in_bytes": 65876440,
            "image_tag": "latest",
            "image_tags": [
              "latest"
            ],
            "image_uri": "865487342006.dkr.ecr.us-east-1.amazonaws.com/cicd@sha256:ccb303e1e7e890a5e88a5020c3f3536bc1375767cef5590f4c6dc03171e835c8",
            "most_recent": null,
            "region": "us-east-1",
            "registry_id": "865487342006",
            "repository_name": "cicd"
          },
          "sensitive_attributes": [],
          "identity_schema_version": 0
        }
      ]
    },
    {
      "mode": "data",
      "type": "aws_ecr_repository",
      "name": "service",
      "provider": "provider[\"registry.terraform.io/hashicorp/aws\"]",
      "instances": [
        {
          "schema_version": 0,
          "attributes": {
            "arn": "arn:aws:ecr:us-east-1:865487342006:repository/cicd",
            "encryption_configuration": [
              {
                "encryption_type": "AES256",
                "kms_key": ""
              }
            ],
            "id": "cicd",
            "image_scanning_configuration": [
              {
                "scan_on_push": false
              }
            ],
            "image_tag_mutability": "MUTABLE",
            "image_tag_mutability_exclusion_filter": [],
            "most_recent_image_tags": [],
            "name": "cicd",
            "region": "us-east-1",
            "registry_id": "865487342006",
            "repository_url": "865487342006.dkr.ecr.us-east-1.amazonaws.com/cicd",
            "tags": {}
          },
          "sensitive_attributes": [],
          "identity_schema_version": 0
        }
      ]
    },
    {
      "mode": "data",
      "type": "aws_ecs_cluster",
      "name": "existing",
      "provider": "provider[\"registry.terraform.io/hashicorp/aws\"]",
      "instances": [
        {
          "schema_version": 0,
          "attributes": {
            "arn": "arn:aws:ecs:us-east-1:865487342006:cluster/comfortable-gorilla-jslweh",
            "cluster_name": "comfortable-gorilla-jslweh",
            "id": "arn:aws:ecs:us-east-1:865487342006:cluster/comfortable-gorilla-jslweh",
            "pending_tasks_count": 0,
            "region": "us-east-1",
            "registered_container_instances_count": 0,
            "running_tasks_count": 0,
            "service_connect_defaults": [],
            "setting": [
              {
                "name": "containerInsights",
                "value": "disabled"
              }
            ],
            "status": "ACTIVE",
            "tags": {}
          },
          "sensitive_attributes": [],
          "identity_schema_version": 0
        }
      ]
    },
    {
      "mode": "data",
      "type": "aws_iam_role",
      "name": "ecs_task_execution_role",
      "provider": "provider[\"registry.terraform.io/hashicorp/aws\"]",
      "instances": [
        {
          "schema_version": 0,
          "attributes": {
            "arn": "arn:aws:iam::865487342006:role/ecsTaskExecutionRole",
            "assume_role_policy": "{\"Version\":\"2008-10-17\",\"Statement\":[{\"Sid\":\"\",\"Effect\":\"Allow\",\"Principal\":{\"Service\":\"ecs-tasks.amazonaws.com\"},\"Action\":\"sts:AssumeRole\"}]}",
            "create_date": "2026-02-27T17:13:03Z",
            "description": "",
            "id": "ecsTaskExecutionRole",
            "max_session_duration": 3600,
            "name": "ecsTaskExecutionRole",
            "path": "/",
            "permissions_boundary": "",
            "role_last_used": [
              {
                "last_used_date": "2026-02-27T18:58:40Z",
                "region": "us-east-1"
              }
            ],
            "tags": {
              "Name": "ecsTaskExecutionRole"
            },
            "unique_id": "AROA4TAYQZG3I4QPE66HB"
          },
          "sensitive_attributes": [],
          "identity_schema_version": 0
        }
      ]
    },
    {
      "mode": "data",
      "type": "aws_iam_role",
      "name": "ecs_task_role",
      "provider": "provider[\"registry.terraform.io/hashicorp/aws\"]",
      "instances": [
        {
          "schema_version": 0,
          "attributes": {
            "arn": "arn:aws:iam::865487342006:role/ecsTaskExecutionRole",
            "assume_role_policy": "{\"Version\":\"2008-10-17\",\"Statement\":[{\"Sid\":\"\",\"Effect\":\"Allow\",\"Principal\":{\"Service\":\"ecs-tasks.amazonaws.com\"},\"Action\":\"sts:AssumeRole\"}]}",
            "create_date": "2026-02-27T17:13:03Z",
            "description": "",
            "id": "ecsTaskExecutionRole",
            "max_session_duration": 3600,
            "name": "ecsTaskExecutionRole",
            "path": "/",
            "permissions_boundary": "",
            "role_last_used": [
              {
                "last_used_date": "2026-02-27T18:58:40Z",
                "region": "us-east-1"
              }
            ],
            "tags": {
              "Name": "ecsTaskExecutionRole"
            },
            "unique_id": "AROA4TAYQZG3I4QPE66HB"
          },
          "sensitive_attributes": [],
          "identity_schema_version": 0
        }
      ]
    },
    {
      "mode": "data",
      "type": "aws_security_group",
      "name": "ecs_service_sg",
      "provider": "provider[\"registry.terraform.io/hashicorp/aws\"]",
      "instances": [
        {
          "schema_version": 0,
          "attributes": {
            "arn": "arn:aws:ec2:us-east-1:865487342006:security-group/sg-08736e10b7c1bc6db",
            "description": "default VPC security group",
            "filter": [
              {
                "name": "group-name",
                "values": [
                  "default"
                ]
              }
            ],
            "id": "sg-08736e10b7c1bc6db",
            "name": "default",
            "region": "us-east-1",
            "tags": {
              "Name": "app-sg"
            },
            "timeouts": null,
            "vpc_id": "vpc-090b7a0224a6c70f5"
          },
          "sensitive_attributes": [],
          "identity_schema_version": 0
        }
      ]
    },
    {
      "mode": "data",
      "type": "aws_subnets",
      "name": "public1",
      "provider": "provider[\"registry.terraform.io/hashicorp/aws\"]",
      "instances": [
        {
          "schema_version": 0,
          "attributes": {
            "filter": [
              {
                "name": "vpc-id",
                "values": [
                  "vpc-090b7a0224a6c70f5"
                ]
              }
            ],
            "id": "us-east-1",
            "ids": [
              "subnet-01ac6bbbcbed8ad6a",
              "subnet-078d925b1ba3552f1",
              "subnet-048e550a5c4d684ae",
              "subnet-009c8d90fce6761b6",
              "subnet-0e667234970b9ec12",
              "subnet-0cda677bcaa632086"
            ],
            "region": "us-east-1",
            "tags": null,
            "timeouts": null
          },
          "sensitive_attributes": [],
          "identity_schema_version": 0
        }
      ]
    },
    {
      "mode": "data",
      "type": "aws_subnets",
      "name": "public2",
      "provider": "provider[\"registry.terraform.io/hashicorp/aws\"]",
      "instances": [
        {
          "schema_version": 0,
          "attributes": {
            "filter": [
              {
                "name": "vpc-id",
                "values": [
                  "vpc-090b7a0224a6c70f5"
                ]
              }
            ],
            "id": "us-east-1",
            "ids": [
              "subnet-01ac6bbbcbed8ad6a",
              "subnet-078d925b1ba3552f1",
              "subnet-048e550a5c4d684ae",
              "subnet-009c8d90fce6761b6",
              "subnet-0e667234970b9ec12",
              "subnet-0cda677bcaa632086"
            ],
            "region": "us-east-1",
            "tags": null,
            "timeouts": null
          },
          "sensitive_attributes": [],
          "identity_schema_version": 0
        }
      ]
    },
    {
      "mode": "data",
      "type": "aws_vpc",
      "name": "existing",
      "provider": "provider[\"registry.terraform.io/hashicorp/aws\"]",
      "instances": [
        {
          "schema_version": 0,
          "attributes": {
            "arn": "arn:aws:ec2:us-east-1:865487342006:vpc/vpc-090b7a0224a6c70f5",
            "cidr_block": "172.31.0.0/16",
            "cidr_block_associations": [
              {
                "association_id": "vpc-cidr-assoc-0a2986f1c3e9bdfb8",
                "cidr_block": "172.31.0.0/16",
                "state": "associated"
              }
            ],
            "default": true,
            "dhcp_options_id": "dopt-08bbe96076740dcf1",
            "enable_dns_hostnames": true,
            "enable_dns_support": true,
            "enable_network_address_usage_metrics": false,
            "filter": [
              {
                "name": "tag:Name",
                "values": [
                  "my-vpc"
                ]
              }
            ],
            "id": "vpc-090b7a0224a6c70f5",
            "instance_tenancy": "default",
            "ipv6_association_id": "vpc-cidr-assoc-066c6ad5a5a17548f",
            "ipv6_cidr_block": "2600:1f10:4dda:2500::/56",
            "main_route_table_id": "rtb-0e2137761ddfb532e",
            "owner_id": "865487342006",
            "region": "us-east-1",
            "state": null,
            "tags": {
              "Name": "my-vpc"
            },
            "timeouts": null
          },
          "sensitive_attributes": [],
          "identity_schema_version": 0
        }
      ]
    },
    {
      "mode": "managed",
      "type": "aws_ecs_service",
      "name": "app",
      "provider": "provider[\"registry.terraform.io/hashicorp/aws\"]",
      "instances": [
        {
          "schema_version": 1,
          "attributes": {
            "alarms": [],
            "arn": "arn:aws:ecs:us-east-1:865487342006:service/comfortable-gorilla-jslweh/my-app-service",
            "availability_zone_rebalancing": "ENABLED",
            "capacity_provider_strategy": [],
            "cluster": "arn:aws:ecs:us-east-1:865487342006:cluster/comfortable-gorilla-jslweh",
            "deployment_circuit_breaker": [
              {
                "enable": false,
                "rollback": false
              }
            ],
            "deployment_configuration": [
              {
                "bake_time_in_minutes": "0",
                "canary_configuration": [],
                "lifecycle_hook": [],
                "linear_configuration": [],
                "strategy": "ROLLING"
              }
            ],
            "deployment_controller": [
              {
                "type": "ECS"
              }
            ],
            "deployment_maximum_percent": 200,
            "deployment_minimum_healthy_percent": 100,
            "desired_count": 1,
            "enable_ecs_managed_tags": false,
            "enable_execute_command": false,
            "force_delete": null,
            "force_new_deployment": null,
            "health_check_grace_period_seconds": 0,
            "iam_role": "/aws-service-role/ecs.amazonaws.com/AWSServiceRoleForECS",
            "id": "arn:aws:ecs:us-east-1:865487342006:service/comfortable-gorilla-jslweh/my-app-service",
            "launch_type": "FARGATE",
            "load_balancer": [],
            "name": "my-app-service",
            "network_configuration": [
              {
                "assign_public_ip": true,
                "security_groups": [
                  "sg-08736e10b7c1bc6db"
                ],
                "subnets": [
                  "subnet-01ac6bbbcbed8ad6a"
                ]
              }
            ],
            "ordered_placement_strategy": [],
            "placement_constraints": [],
            "platform_version": "LATEST",
            "propagate_tags": "NONE",
            "region": "us-east-1",
            "scheduling_strategy": "REPLICA",
            "service_connect_configuration": [],
            "service_registries": [],
            "sigint_rollback": null,
            "tags": null,
            "tags_all": {},
            "task_definition": "arn:aws:ecs:us-east-1:865487342006:task-definition/my-app:1",
            "timeouts": null,
            "triggers": {},
            "volume_configuration": [],
            "vpc_lattice_configurations": [],
            "wait_for_steady_state": false
          },
          "sensitive_attributes": [],
          "identity_schema_version": 0,
          "identity": {
            "account_id": "865487342006",
            "cluster": "arn:aws:ecs:us-east-1:865487342006:cluster/comfortable-gorilla-jslweh",
            "name": "my-app-service",
            "region": "us-east-1"
          },
          "private": "eyJlMmJmYjczMC1lY2FhLTExZTYtOGY4OC0zNDM2M2JjN2M0YzAiOnsiY3JlYXRlIjoxMjAwMDAwMDAwMDAwLCJkZWxldGUiOjEyMDAwMDAwMDAwMDAsInVwZGF0ZSI6MTIwMDAwMDAwMDAwMH0sInNjaGVtYV92ZXJzaW9uIjoiMSJ9",
          "dependencies": [
            "aws_ecs_task_definition.app",
            "data.aws_ecr_image.service_image",
            "data.aws_ecr_repository.service",
            "data.aws_ecs_cluster.existing",
            "data.aws_iam_role.ecs_task_execution_role",
            "data.aws_security_group.ecs_service_sg",
            "data.aws_subnets.public1",
            "data.aws_subnets.public2",
            "data.aws_vpc.existing"
          ]
        }
      ]
    },
    {
      "mode": "managed",
      "type": "aws_ecs_task_definition",
      "name": "app",
      "provider": "provider[\"registry.terraform.io/hashicorp/aws\"]",
      "instances": [
        {
          "schema_version": 1,
          "attributes": {
            "arn": "arn:aws:ecs:us-east-1:865487342006:task-definition/my-app:1",
            "arn_without_revision": "arn:aws:ecs:us-east-1:865487342006:task-definition/my-app",
            "container_definitions": "[{\"environment\":[],\"essential\":true,\"image\":\"865487342006.dkr.ecr.us-east-1.amazonaws.com/cicd:latest\",\"mountPoints\":[],\"name\":\"app\",\"portMappings\":[{\"containerPort\":8000,\"hostPort\":8000,\"protocol\":\"tcp\"}],\"systemControls\":[],\"volumesFrom\":[]}]",
            "cpu": "256",
            "enable_fault_injection": false,
            "ephemeral_storage": [],
            "execution_role_arn": "arn:aws:iam::865487342006:role/ecsTaskExecutionRole",
            "family": "my-app",
            "id": "my-app",
            "ipc_mode": "",
            "memory": "512",
            "network_mode": "awsvpc",
            "pid_mode": "",
            "placement_constraints": [],
            "proxy_configuration": [],
            "region": "us-east-1",
            "requires_compatibilities": [
              "FARGATE"
            ],
            "revision": 1,
            "runtime_platform": [],
            "skip_destroy": false,
            "tags": null,
            "tags_all": {},
            "task_role_arn": "",
            "track_latest": false,
            "volume": []
          },
          "sensitive_attributes": [],
          "identity_schema_version": 0,
          "identity": {
            "account_id": "865487342006",
            "family": "my-app",
            "region": "us-east-1",
            "revision": 1
          },
          "private": "eyJzY2hlbWFfdmVyc2lvbiI6IjEifQ==",
          "dependencies": [
            "data.aws_ecr_image.service_image",
            "data.aws_ecr_repository.service",
            "data.aws_iam_role.ecs_task_execution_role"
          ]
        }
      ]
    }
  ],
  "check_results": null
}
